
Microsoft Visual Studio Solution File, Format Version 10.00
# Visual Studio 2008
Project("{54435603-DBB4-11D2-8724-00A0C9A8B90C}") = "Setup", "Setup\Setup.vdproj", "{726EE13B-F40B-4D29-B163-A760DA8F673F}"
EndProject
Project("{FAE04EC0-301F-11D3-BF4B-00C04F79EFBC}") = "GenericHearingAid_Controller", "GenericHearingAid_Controller\GenericHearingAid_Controller.csproj", "{8893E800-1533-4D42-B565-293155261DB1}"
EndProject
Global
	GlobalSection(SolutionConfigurationPlatforms) = preSolution
		Debug|Any CPU = Debug|Any CPU
		Release|Any CPU = Release|Any CPU
	EndGlobalSection
	GlobalSection(ProjectConfigurationPlatforms) = postSolution
		{726EE13B-F40B-4D29-B163-A760DA8F673F}.Debug|Any CPU.ActiveCfg = Debug
		{726EE13B-F40B-4D29-B163-A760DA8F673F}.Release|Any CPU.ActiveCfg = Release
		{8893E800-1533-4D42-B565-293155261DB1}.Debug|Any CPU.ActiveCfg = Debug|Any CPU
		{8893E800-1533-4D42-B565-293155261DB1}.Debug|Any CPU.Build.0 = Debug|Any CPU
		{8893E800-1533-4D42-B565-293155261DB1}.Release|Any CPU.ActiveCfg = Release|Any CPU
		{8893E800-1533-4D42-B565-293155261DB1}.Release|Any CPU.Build.0 = Release|Any CPU
	EndGlobalSection
	GlobalSection(SolutionProperties) = preSolution
		HideSolutionNode = FALSE
	EndGlobalSection
EndGlobal
